// !$*UTF8*$!
{
	archiveVersion = 1;
	classes = {
	};
	objectVersion = 51;
	objects = {

/* Begin PBXBuildFile section */
		A235FB6B25EE37A30069A2E3 /* AppDelegate.swift in Sources */ = {isa = PBXBuildFile; fileRef = A235FB6A25EE37A30069A2E3 /* AppDelegate.swift */; };
		A235FB6D25EE37A30069A2E3 /* SceneDelegate.swift in Sources */ = {isa = PBXBuildFile; fileRef = A235FB6C25EE37A30069A2E3 /* SceneDelegate.swift */; };
		A235FB7225EE37A30069A2E3 /* Main.storyboard in Resources */ = {isa = PBXBuildFile; fileRef = A235FB7025EE37A30069A2E3 /* Main.storyboard */; };
		A235FB7425EE37A70069A2E3 /* Assets.xcassets in Resources */ = {isa = PBXBuildFile; fileRef = A235FB7325EE37A70069A2E3 /* Assets.xcassets */; };
		A235FB7725EE37A70069A2E3 /* LaunchScreen.storyboard in Resources */ = {isa = PBXBuildFile; fileRef = A235FB7525EE37A70069A2E3 /* LaunchScreen.storyboard */; };
		A235FB8525EE3A050069A2E3 /* CategoryTableViewController.swift in Sources */ = {isa = PBXBuildFile; fileRef = A235FB8425EE3A050069A2E3 /* CategoryTableViewController.swift */; };
		A235FB9825EE4F570069A2E3 /* CategoryManager.swift in Sources */ = {isa = PBXBuildFile; fileRef = A235FB9725EE4F570069A2E3 /* CategoryManager.swift */; };
		A235FBA125EF8A840069A2E3 /* DishManager.swift in Sources */ = {isa = PBXBuildFile; fileRef = A235FBA025EF8A840069A2E3 /* DishManager.swift */; };
		A235FBA825F0A9CE0069A2E3 /* DishesViewController.swift in Sources */ = {isa = PBXBuildFile; fileRef = A235FBA725F0A9CE0069A2E3 /* DishesViewController.swift */; };
		A28A15D025F2510400E3435F /* SheetViewController.swift in Sources */ = {isa = PBXBuildFile; fileRef = A28A15CE25F2510400E3435F /* SheetViewController.swift */; };
		A28A15D125F2510400E3435F /* SheetViewController.xib in Resources */ = {isa = PBXBuildFile; fileRef = A28A15CF25F2510400E3435F /* SheetViewController.xib */; };
		A28A15D425F34F3900E3435F /* CartViewController.swift in Sources */ = {isa = PBXBuildFile; fileRef = A28A15D325F34F3900E3435F /* CartViewController.swift */; };
		C13999F31ACA7A202D3A34AB /* Pods_Menu.framework in Frameworks */ = {isa = PBXBuildFile; fileRef = 9DF4C4DCFB1C66BFB9D557C5 /* Pods_Menu.framework */; };
/* End PBXBuildFile section */

/* Begin PBXFileReference section */
		9DF4C4DCFB1C66BFB9D557C5 /* Pods_Menu.framework */ = {isa = PBXFileReference; explicitFileType = wrapper.framework; includeInIndex = 0; path = Pods_Menu.framework; sourceTree = BUILT_PRODUCTS_DIR; };
		A235FB6725EE37A30069A2E3 /* Menu.app */ = {isa = PBXFileReference; explicitFileType = wrapper.application; includeInIndex = 0; path = Menu.app; sourceTree = BUILT_PRODUCTS_DIR; };
		A235FB6A25EE37A30069A2E3 /* AppDelegate.swift */ = {isa = PBXFileReference; lastKnownFileType = sourcecode.swift; path = AppDelegate.swift; sourceTree = "<group>"; };
		A235FB6C25EE37A30069A2E3 /* SceneDelegate.swift */ = {isa = PBXFileReference; lastKnownFileType = sourcecode.swift; path = SceneDelegate.swift; sourceTree = "<group>"; };
		A235FB7125EE37A30069A2E3 /* Base */ = {isa = PBXFileReference; lastKnownFileType = file.storyboard; name = Base; path = Base.lproj/Main.storyboard; sourceTree = "<group>"; };
		A235FB7325EE37A70069A2E3 /* Assets.xcassets */ = {isa = PBXFileReference; lastKnownFileType = folder.assetcatalog; path = Assets.xcassets; sourceTree = "<group>"; };
		A235FB7625EE37A70069A2E3 /* Base */ = {isa = PBXFileReference; lastKnownFileType = file.storyboard; name = Base; path = Base.lproj/LaunchScreen.storyboard; sourceTree = "<group>"; };
		A235FB7825EE37A70069A2E3 /* Info.plist */ = {isa = PBXFileReference; lastKnownFileType = text.plist.xml; path = Info.plist; sourceTree = "<group>"; };
		A235FB8425EE3A050069A2E3 /* CategoryTableViewController.swift */ = {isa = PBXFileReference; lastKnownFileType = sourcecode.swift; path = CategoryTableViewController.swift; sourceTree = "<group>"; };
		A235FB9725EE4F570069A2E3 /* CategoryManager.swift */ = {isa = PBXFileReference; lastKnownFileType = sourcecode.swift; path = CategoryManager.swift; sourceTree = "<group>"; };
		A235FBA025EF8A840069A2E3 /* DishManager.swift */ = {isa = PBXFileReference; lastKnownFileType = sourcecode.swift; path = DishManager.swift; sourceTree = "<group>"; };
		A235FBA725F0A9CE0069A2E3 /* DishesViewController.swift */ = {isa = PBXFileReference; lastKnownFileType = sourcecode.swift; path = DishesViewController.swift; sourceTree = "<group>"; };
		A28A15CE25F2510400E3435F /* SheetViewController.swift */ = {isa = PBXFileReference; lastKnownFileType = sourcecode.swift; path = SheetViewController.swift; sourceTree = "<group>"; };
		A28A15CF25F2510400E3435F /* SheetViewController.xib */ = {isa = PBXFileReference; lastKnownFileType = file.xib; path = SheetViewController.xib; sourceTree = "<group>"; };
		A28A15D325F34F3900E3435F /* CartViewController.swift */ = {isa = PBXFileReference; lastKnownFileType = sourcecode.swift; path = CartViewController.swift; sourceTree = "<group>"; };
		E890863FF885E8FBABB3F4C9 /* Pods-Menu.release.xcconfig */ = {isa = PBXFileReference; includeInIndex = 1; lastKnownFileType = text.xcconfig; name = "Pods-Menu.release.xcconfig"; path = "Target Support Files/Pods-Menu/Pods-Menu.release.xcconfig"; sourceTree = "<group>"; };
		E9060686C016226F23F404EA /* Pods-Menu.debug.xcconfig */ = {isa = PBXFileReference; includeInIndex = 1; lastKnownFileType = text.xcconfig; name = "Pods-Menu.debug.xcconfig"; path = "Target Support Files/Pods-Menu/Pods-Menu.debug.xcconfig"; sourceTree = "<group>"; };
/* End PBXFileReference section */

/* Begin PBXFrameworksBuildPhase section */
		A235FB6425EE37A30069A2E3 /* Frameworks */ = {
			isa = PBXFrameworksBuildPhase;
			buildActionMask = 2147483647;
			files = (
				C13999F31ACA7A202D3A34AB /* Pods_Menu.framework in Frameworks */,
			);
			runOnlyForDeploymentPostprocessing = 0;
		};
/* End PBXFrameworksBuildPhase section */

/* Begin PBXGroup section */
		00A9019FC32D3F64CDAC2434 /* Pods */ = {
			isa = PBXGroup;
			children = (
				E9060686C016226F23F404EA /* Pods-Menu.debug.xcconfig */,
				E890863FF885E8FBABB3F4C9 /* Pods-Menu.release.xcconfig */,
			);
			path = Pods;
			sourceTree = "<group>";
		};
		A235FB5E25EE37A30069A2E3 = {
			isa = PBXGroup;
			children = (
				A235FB6925EE37A30069A2E3 /* Menu */,
				A235FB6825EE37A30069A2E3 /* Products */,
				00A9019FC32D3F64CDAC2434 /* Pods */,
				C2BB07E47D9B4765ED721E94 /* Frameworks */,
			);
			sourceTree = "<group>";
		};
		A235FB6825EE37A30069A2E3 /* Products */ = {
			isa = PBXGroup;
			children = (
				A235FB6725EE37A30069A2E3 /* Menu.app */,
			);
			name = Products;
			sourceTree = "<group>";
		};
		A235FB6925EE37A30069A2E3 /* Menu */ = {
			isa = PBXGroup;
			children = (
				A235FB6A25EE37A30069A2E3 /* AppDelegate.swift */,
				A235FB6C25EE37A30069A2E3 /* SceneDelegate.swift */,
				A235FBA325EF9B7E0069A2E3 /* Model */,
				A235FBA525EF9B9B0069A2E3 /* Controller */,
				A235FBA425EF9B8F0069A2E3 /* Views */,
				A235FB7325EE37A70069A2E3 /* Assets.xcassets */,
				A235FB7525EE37A70069A2E3 /* LaunchScreen.storyboard */,
				A235FB7825EE37A70069A2E3 /* Info.plist */,
			);
			path = Menu;
			sourceTree = "<group>";
		};
		A235FBA325EF9B7E0069A2E3 /* Model */ = {
			isa = PBXGroup;
			children = (
				A235FB9725EE4F570069A2E3 /* CategoryManager.swift */,
				A235FBA025EF8A840069A2E3 /* DishManager.swift */,
			);
			path = Model;
			sourceTree = "<group>";
		};
		A235FBA425EF9B8F0069A2E3 /* Views */ = {
			isa = PBXGroup;
			children = (
				A235FB7025EE37A30069A2E3 /* Main.storyboard */,
				A28A15CF25F2510400E3435F /* SheetViewController.xib */,
			);
			path = Views;
			sourceTree = "<group>";
		};
		A235FBA525EF9B9B0069A2E3 /* Controller */ = {
			isa = PBXGroup;
			children = (
				A235FB8425EE3A050069A2E3 /* CategoryTableViewController.swift */,
				A235FBA725F0A9CE0069A2E3 /* DishesViewController.swift */,
				A28A15CE25F2510400E3435F /* SheetViewController.swift */,
				A28A15D325F34F3900E3435F /* CartViewController.swift */,
			);
			path = Controller;
			sourceTree = "<group>";
		};
		C2BB07E47D9B4765ED721E94 /* Frameworks */ = {
			isa = PBXGroup;
			children = (
				9DF4C4DCFB1C66BFB9D557C5 /* Pods_Menu.framework */,
			);
			name = Frameworks;
			sourceTree = "<group>";
		};
/* End PBXGroup section */

/* Begin PBXNativeTarget section */
		A235FB6625EE37A30069A2E3 /* Menu */ = {
			isa = PBXNativeTarget;
			buildConfigurationList = A235FB7B25EE37A70069A2E3 /* Build configuration list for PBXNativeTarget "Menu" */;
			buildPhases = (
				6FC06456259DB7367C4F2E97 /* [CP] Check Pods Manifest.lock */,
				A235FB6325EE37A30069A2E3 /* Sources */,
				A235FB6425EE37A30069A2E3 /* Frameworks */,
				A235FB6525EE37A30069A2E3 /* Resources */,
				91A814AA880E167E74E0255E /* [CP] Embed Pods Frameworks */,
			);
			buildRules = (
			);
			dependencies = (
			);
			name = Menu;
			productName = Menu;
			productReference = A235FB6725EE37A30069A2E3 /* Menu.app */;
			productType = "com.apple.product-type.application";
		};
/* End PBXNativeTarget section */

/* Begin PBXProject section */
		A235FB5F25EE37A30069A2E3 /* Project object */ = {
			isa = PBXProject;
			attributes = {
				LastSwiftUpdateCheck = 1240;
				LastUpgradeCheck = 1240;
				TargetAttributes = {
					A235FB6625EE37A30069A2E3 = {
						CreatedOnToolsVersion = 12.4;
					};
				};
			};
			buildConfigurationList = A235FB6225EE37A30069A2E3 /* Build configuration list for PBXProject "Menu" */;
			compatibilityVersion = "Xcode 9.3";
			developmentRegion = en;
			hasScannedForEncodings = 0;
			knownRegions = (
				en,
				Base,
			);
			mainGroup = A235FB5E25EE37A30069A2E3;
			productRefGroup = A235FB6825EE37A30069A2E3 /* Products */;
			projectDirPath = "";
			projectRoot = "";
			targets = (
				A235FB6625EE37A30069A2E3 /* Menu */,
			);
		};
/* End PBXProject section */

/* Begin PBXResourcesBuildPhase section */
		A235FB6525EE37A30069A2E3 /* Resources */ = {
			isa = PBXResourcesBuildPhase;
			buildActionMask = 2147483647;
			files = (
				A28A15D125F2510400E3435F /* SheetViewController.xib in Resources */,
				A235FB7725EE37A70069A2E3 /* LaunchScreen.storyboard in Resources */,
				A235FB7425EE37A70069A2E3 /* Assets.xcassets in Resources */,
				A235FB7225EE37A30069A2E3 /* Main.storyboard in Resources */,
			);
			runOnlyForDeploymentPostprocessing = 0;
		};
/* End PBXResourcesBuildPhase section */

/* Begin PBXShellScriptBuildPhase section */
		6FC06456259DB7367C4F2E97 /* [CP] Check Pods Manifest.lock */ = {
			isa = PBXShellScriptBuildPhase;
			buildActionMask = 2147483647;
			files = (
			);
			inputFileListPaths = (
			);
			inputPaths = (
				"${PODS_PODFILE_DIR_PATH}/Podfile.lock",
				"${PODS_ROOT}/Manifest.lock",
			);
			name = "[CP] Check Pods Manifest.lock";
			outputFileListPaths = (
			);
			outputPaths = (
				"$(DERIVED_FILE_DIR)/Pods-Menu-checkManifestLockResult.txt",
			);
			runOnlyForDeploymentPostprocessing = 0;
			shellPath = /bin/sh;
			shellScript = "diff \"${PODS_PODFILE_DIR_PATH}/Podfile.lock\" \"${PODS_ROOT}/Manifest.lock\" > /dev/null\nif [ $? != 0 ] ; then\n    # print error to STDERR\n    echo \"error: The sandbox is not in sync with the Podfile.lock. Run 'pod install' or update your CocoaPods installation.\" >&2\n    exit 1\nfi\n# This output is used by Xcode 'outputs' to avoid re-running this script phase.\necho \"SUCCESS\" > \"${SCRIPT_OUTPUT_FILE_0}\"\n";
			showEnvVarsInLog = 0;
		};
		91A814AA880E167E74E0255E /* [CP] Embed Pods Frameworks */ = {
			isa = PBXShellScriptBuildPhase;
			buildActionMask = 2147483647;
			files = (
			);
			inputFileListPaths = (
				"${PODS_ROOT}/Target Support Files/Pods-Menu/Pods-Menu-frameworks-${CONFIGURATION}-input-files.xcfilelist",
			);
			name = "[CP] Embed Pods Frameworks";
			outputFileListPaths = (
				"${PODS_ROOT}/Target Support Files/Pods-Menu/Pods-Menu-frameworks-${CONFIGURATION}-output-files.xcfilelist",
			);
			runOnlyForDeploymentPostprocessing = 0;
			shellPath = /bin/sh;
			shellScript = "\"${PODS_ROOT}/Target Support Files/Pods-Menu/Pods-Menu-frameworks.sh\"\n";
			showEnvVarsInLog = 0;
		};
/* End PBXShellScriptBuildPhase section */

/* Begin PBXSourcesBuildPhase section */
		A235FB6325EE37A30069A2E3 /* Sources */ = {
			isa = PBXSourcesBuildPhase;
			buildActionMask = 2147483647;
			files = (
				A235FB6B25EE37A30069A2E3 /* AppDelegate.swift in Sources */,
				A235FB9825EE4F570069A2E3 /* CategoryManager.swift in Sources */,
				A235FB6D25EE37A30069A2E3 /* SceneDelegate.swift in Sources */,
				A235FBA825F0A9CE0069A2E3 /* DishesViewController.swift in Sources */,
				A28A15D425F34F3900E3435F /* CartViewController.swift in Sources */,
				A28A15D025F2510400E3435F /* SheetViewController.swift in Sources */,
				A235FB8525EE3A050069A2E3 /* CategoryTableViewController.swift in Sources */,
				A235FBA125EF8A840069A2E3 /* DishManager.swift in Sources */,
			);
			runOnlyForDeploymentPostprocessing = 0;
		};
/* End PBXSourcesBuildPhase section */

/* Begin PBXVariantGroup section */
		A235FB7025EE37A30069A2E3 /* Main.storyboard */ = {
			isa = PBXVariantGroup;
			children = (
				A235FB7125EE37A30069A2E3 /* Base */,
			);
			name = Main.storyboard;
			sourceTree = "<group>";
		};
		A235FB7525EE37A70069A2E3 /* LaunchScreen.storyboard */ = {
			isa = PBXVariantGroup;
			children = (
				A235FB7625EE37A70069A2E3 /* Base */,
			);
			name = LaunchScreen.storyboard;
			sourceTree = "<group>";
		};
/* End PBXVariantGroup section */

/* Begin XCBuildConfiguration section */
		A235FB7925EE37A70069A2E3 /* Debug */ = {
			isa = XCBuildConfiguration;
			buildSettings = {
				ALWAYS_SEARCH_USER_PATHS = NO;
				CLANG_ANALYZER_NONNULL = YES;
				CLANG_ANALYZER_NUMBER_OBJECT_CONVERSION = YES_AGGRESSIVE;
				CLANG_CXX_LANGUAGE_STANDARD = "gnu++14";
				CLANG_CXX_LIBRARY = "libc++";
				CLANG_ENABLE_MODULES = YES;
				CLANG_ENABLE_OBJC_ARC = YES;
				CLANG_ENABLE_OBJC_WEAK = YES;
				CLANG_WARN_BLOCK_CAPTURE_AUTORELEASING = YES;
				CLANG_WARN_BOOL_CONVERSION = YES;
				CLANG_WARN_COMMA = YES;
				CLANG_WARN_CONSTANT_CONVERSION = YES;
				CLANG_WARN_DEPRECATED_OBJC_IMPLEMENTATIONS = YES;
				CLANG_WARN_DIRECT_OBJC_ISA_USAGE = YES_ERROR;
				CLANG_WARN_DOCUMENTATION_COMMENTS = YES;
				CLANG_WARN_EMPTY_BODY = YES;
				CLANG_WARN_ENUM_CONVERSION = YES;
				CLANG_WARN_INFINITE_RECURSION = YES;
				CLANG_WARN_INT_CONVERSION = YES;
				CLANG_WARN_NON_LITERAL_NULL_CONVERSION = YES;
				CLANG_WARN_OBJC_IMPLICIT_RETAIN_SELF = YES;
				CLANG_WARN_OBJC_LITERAL_CONVERSION = YES;
				CLANG_WARN_OBJC_ROOT_CLASS = YES_ERROR;
				CLANG_WARN_QUOTED_INCLUDE_IN_FRAMEWORK_HEADER = YES;
				CLANG_WARN_RANGE_LOOP_ANALYSIS = YES;
				CLANG_WARN_STRICT_PROTOTYPES = YES;
				CLANG_WARN_SUSPICIOUS_MOVE = YES;
				CLANG_WARN_UNGUARDED_AVAILABILITY = YES_AGGRESSIVE;
				CLANG_WARN_UNREACHABLE_CODE = YES;
				CLANG_WARN__DUPLICATE_METHOD_MATCH = YES;
				COPY_PHASE_STRIP = NO;
				DEBUG_INFORMATION_FORMAT = dwarf;
				ENABLE_STRICT_OBJC_MSGSEND = YES;
				ENABLE_TESTABILITY = YES;
				GCC_C_LANGUAGE_STANDARD = gnu11;
				GCC_DYNAMIC_NO_PIC = NO;
				GCC_NO_COMMON_BLOCKS = YES;
				GCC_OPTIMIZATION_LEVEL = 0;
				GCC_PREPROCESSOR_DEFINITIONS = (
					"DEBUG=1",
					"$(inherited)",
				);
				GCC_WARN_64_TO_32_BIT_CONVERSION = YES;
				GCC_WARN_ABOUT_RETURN_TYPE = YES_ERROR;
				GCC_WARN_UNDECLARED_SELECTOR = YES;
				GCC_WARN_UNINITIALIZED_AUTOS = YES_AGGRESSIVE;
				GCC_WARN_UNUSED_FUNCTION = YES;
				GCC_WARN_UNUSED_VARIABLE = YES;
				IPHONEOS_DEPLOYMENT_TARGET = 14.4;
				MTL_ENABLE_DEBUG_INFO = INCLUDE_SOURCE;
				MTL_FAST_MATH = YES;
				ONLY_ACTIVE_ARCH = YES;
				SDKROOT = iphoneos;
				SWIFT_ACTIVE_COMPILATION_CONDITIONS = DEBUG;
				SWIFT_OPTIMIZATION_LEVEL = "-Onone";
			};
			name = Debug;
		};
		A235FB7A25EE37A70069A2E3 /* Release */ = {
			isa = XCBuildConfiguration;
			buildSettings = {
				ALWAYS_SEARCH_USER_PATHS = NO;
				CLANG_ANALYZER_NONNULL = YES;
				CLANG_ANALYZER_NUMBER_OBJECT_CONVERSION = YES_AGGRESSIVE;
				CLANG_CXX_LANGUAGE_STANDARD = "gnu++14";
				CLANG_CXX_LIBRARY = "libc++";
				CLANG_ENABLE_MODULES = YES;
				CLANG_ENABLE_OBJC_ARC = YES;
				CLANG_ENABLE_OBJC_WEAK = YES;
				CLANG_WARN_BLOCK_CAPTURE_AUTORELEASING = YES;
				CLANG_WARN_BOOL_CONVERSION = YES;
				CLANG_WARN_COMMA = YES;
				CLANG_WARN_CONSTANT_CONVERSION = YES;
				CLANG_WARN_DEPRECATED_OBJC_IMPLEMENTATIONS = YES;
				CLANG_WARN_DIRECT_OBJC_ISA_USAGE = YES_ERROR;
				CLANG_WARN_DOCUMENTATION_COMMENTS = YES;
				CLANG_WARN_EMPTY_BODY = YES;
				CLANG_WARN_ENUM_CONVERSION = YES;
				CLANG_WARN_INFINITE_RECURSION = YES;
				CLANG_WARN_INT_CONVERSION = YES;
				CLANG_WARN_NON_LITERAL_NULL_CONVERSION = YES;
				CLANG_WARN_OBJC_IMPLICIT_RETAIN_SELF = YES;
				CLANG_WARN_OBJC_LITERAL_CONVERSION = YES;
				CLANG_WARN_OBJC_ROOT_CLASS = YES_ERROR;
				CLANG_WARN_QUOTED_INCLUDE_IN_FRAMEWORK_HEADER = YES;
				CLANG_WARN_RANGE_LOOP_ANALYSIS = YES;
				CLANG_WARN_STRICT_PROTOTYPES = YES;
				CLANG_WARN_SUSPICIOUS_MOVE = YES;
				CLANG_WARN_UNGUARDED_AVAILABILITY = YES_AGGRESSIVE;
				CLANG_WARN_UNREACHABLE_CODE = YES;
				CLANG_WARN__DUPLICATE_METHOD_MATCH = YES;
				COPY_PHASE_STRIP = NO;
				DEBUG_INFORMATION_FORMAT = "dwarf-with-dsym";
				ENABLE_NS_ASSERTIONS = NO;
				ENABLE_STRICT_OBJC_MSGSEND = YES;
				GCC_C_LANGUAGE_STANDARD = gnu11;
				GCC_NO_COMMON_BLOCKS = YES;
				GCC_WARN_64_TO_32_BIT_CONVERSION = YES;
				GCC_WARN_ABOUT_RETURN_TYPE = YES_ERROR;
				GCC_WARN_UNDECLARED_SELECTOR = YES;
				GCC_WARN_UNINITIALIZED_AUTOS = YES_AGGRESSIVE;
				GCC_WARN_UNUSED_FUNCTION = YES;
				GCC_WARN_UNUSED_VARIABLE = YES;
				IPHONEOS_DEPLOYMENT_TARGET = 14.4;
				MTL_ENABLE_DEBUG_INFO = NO;
				MTL_FAST_MATH = YES;
				SDKROOT = iphoneos;
				SWIFT_COMPILATION_MODE = wholemodule;
				SWIFT_OPTIMIZATION_LEVEL = "-O";
				VALIDATE_PRODUCT = YES;
			};
			name = Release;
		};
		A235FB7C25EE37A70069A2E3 /* Debug */ = {
			isa = XCBuildConfiguration;
			baseConfigurationReference = E9060686C016226F23F404EA /* Pods-Menu.debug.xcconfig */;
			buildSettings = {
				ASSETCATALOG_COMPILER_APPICON_NAME = AppIcon;
				ASSETCATALOG_COMPILER_GLOBAL_ACCENT_COLOR_NAME = AccentColor;
				CODE_SIGN_STYLE = Automatic;
				DEVELOPMENT_TEAM = P9YJWUFM96;
				INFOPLIST_FILE = Menu/Info.plist;
				LD_RUNPATH_SEARCH_PATHS = (
					"$(inherited)",
					"@executable_path/Frameworks",
				);
				PRODUCT_BUNDLE_IDENTIFIER = co.syimyk.Menu;
				PRODUCT_NAME = "$(TARGET_NAME)";
				SWIFT_VERSION = 5.0;
				TARGETED_DEVICE_FAMILY = "1,2";
			};
			name = Debug;
		};
		A235FB7D25EE37A70069A2E3 /* Release */ = {
			isa = XCBuildConfiguration;
			baseConfigurationReference = E890863FF885E8FBABB3F4C9 /* Pods-Menu.release.xcconfig */;
			buildSettings = {
				ASSETCATALOG_COMPILER_APPICON_NAME = AppIcon;
				ASSETCATALOG_COMPILER_GLOBAL_ACCENT_COLOR_NAME = AccentColor;
				CODE_SIGN_STYLE = Automatic;
				DEVELOPMENT_TEAM = P9YJWUFM96;
				INFOPLIST_FILE = Menu/Info.plist;
				LD_RUNPATH_SEARCH_PATHS = (
					"$(inherited)",
					"@executable_path/Frameworks",
				);
				PRODUCT_BUNDLE_IDENTIFIER = co.syimyk.Menu;
				PRODUCT_NAME = "$(TARGET_NAME)";
				SWIFT_VERSION = 5.0;
				TARGETED_DEVICE_FAMILY = "1,2";
			};
			name = Release;
		};
/* End XCBuildConfiguration section */

/* Begin XCConfigurationList section */
		A235FB6225EE37A30069A2E3 /* Build configuration list for PBXProject "Menu" */ = {
			isa = XCConfigurationList;
			buildConfigurations = (
				A235FB7925EE37A70069A2E3 /* Debug */,
				A235FB7A25EE37A70069A2E3 /* Release */,
			);
			defaultConfigurationIsVisible = 0;
			defaultConfigurationName = Release;
		};
		A235FB7B25EE37A70069A2E3 /* Build configuration list for PBXNativeTarget "Menu" */ = {
			isa = XCConfigurationList;
			buildConfigurations = (
				A235FB7C25EE37A70069A2E3 /* Debug */,
				A235FB7D25EE37A70069A2E3 /* Release */,
			);
			defaultConfigurationIsVisible = 0;
			defaultConfigurationName = Release;
		};
/* End XCConfigurationList section */
	};
	rootObject = A235FB5F25EE37A30069A2E3 /* Project object */;
}
